{
  "name": "miniprogram-5",
  "version": "1.0.0",
  "lockfileVersion": 2,
  "requires": true,
  "packages": {
    "": {
      "name": "miniprogram-5",
      "version": "1.0.0",
      "license": "ISC",
      "dependencies": {
        "lodash": "^4.17.21",
        "number-precision": "^1.6.0",
        "supabase-wechat-stable-v2": "^2.2.0",
        "tdesign-miniprogram": "^1.4.1"
      }
    },
    "node_modules/dayjs": {
      "version": "1.11.11",
      "resolved": "https://registry.npmmirror.com/dayjs/-/dayjs-1.11.11.tgz",
      "integrity": "sha512-okzr3f11N6WuqYtZSvm+F776mB41wRZMhKP+hc34YdW+KmtYYK9iqvHSwo2k9FEH3fhGXvOPV6yz2IcSrfRUDg=="
    },
    "node_modules/lodash": {
      "version": "4.17.21",
      "resolved": "https://registry.npmmirror.com/lodash/-/lodash-4.17.21.tgz",
      "integrity": "sha512-v2kDEe57lecTulaDIuNTPy3Ry4gLGJ6Z1O3vE1krgXZNrsQ+LFTGHVxVjcXPs17LhbZVGedAJv8XZ1tvj5FvSg=="
    },
    "node_modules/number-precision": {
      "version": "1.6.0",
      "resolved": "https://registry.npmmirror.com/number-precision/-/number-precision-1.6.0.tgz",
      "integrity": "sha512-05OLPgbgmnixJw+VvEh18yNPUo3iyp4BEWJcrLu4X9W05KmMifN7Mu5exYvQXqxxeNWhvIF+j3Rij+HmddM/hQ=="
    },
    "node_modules/phoenix": {
      "version": "1.7.14",
      "resolved": "https://registry.npmmirror.com/phoenix/-/phoenix-1.7.14.tgz",
      "integrity": "sha512-3tZ76PiH/2g+Kyzhz8+GIFYrnx3lRnwi/Qt3ZUH04xpMxXL7Guerd5aaxtpWal73X+H8iLAjo2c+AgRy2KYQcQ=="
    },
    "node_modules/supabase-wechat-stable-v2": {
      "version": "2.2.0",
      "resolved": "https://registry.npmmirror.com/supabase-wechat-stable-v2/-/supabase-wechat-stable-v2-2.2.0.tgz",
      "integrity": "sha512-vxDoMD5D451xpvDiqUDOzny7R0zuqKzHJ7GJu6doFxhs6DrmPvv24asLTh/NnjREuGqtrlhYdvLpQFPjMGR0+w==",
      "dependencies": {
        "phoenix": "^1.6.16"
      }
    },
    "node_modules/tdesign-miniprogram": {
      "version": "1.4.1",
      "resolved": "https://registry.npmmirror.com/tdesign-miniprogram/-/tdesign-miniprogram-1.4.1.tgz",
      "integrity": "sha512-i09HiSl9xZzaQ6zuIV79gpULyeadjSrslUp9XlAEJNcFoSD3MWY0ZVwDLhBXqfUhuyI2Lwy6ym8DwUU0lC8zzQ==",
      "dependencies": {
        "dayjs": "^1.10.7"
      }
    }
  },
  "dependencies": {
    "dayjs": {
      "version": "1.11.11",
      "resolved": "https://registry.npmmirror.com/dayjs/-/dayjs-1.11.11.tgz",
      "integrity": "sha512-okzr3f11N6WuqYtZSvm+F776mB41wRZMhKP+hc34YdW+KmtYYK9iqvHSwo2k9FEH3fhGXvOPV6yz2IcSrfRUDg=="
    },
    "lodash": {
      "version": "4.17.21",
      "resolved": "https://registry.npmmirror.com/lodash/-/lodash-4.17.21.tgz",
      "integrity": "sha512-v2kDEe57lecTulaDIuNTPy3Ry4gLGJ6Z1O3vE1krgXZNrsQ+LFTGHVxVjcXPs17LhbZVGedAJv8XZ1tvj5FvSg=="
    },
    "number-precision": {
      "version": "1.6.0",
      "resolved": "https://registry.npmmirror.com/number-precision/-/number-precision-1.6.0.tgz",
      "integrity": "sha512-05OLPgbgmnixJw+VvEh18yNPUo3iyp4BEWJcrLu4X9W05KmMifN7Mu5exYvQXqxxeNWhvIF+j3Rij+HmddM/hQ=="
    },
    "phoenix": {
      "version": "1.7.14",
      "resolved": "https://registry.npmmirror.com/phoenix/-/phoenix-1.7.14.tgz",
      "integrity": "sha512-3tZ76PiH/2g+Kyzhz8+GIFYrnx3lRnwi/Qt3ZUH04xpMxXL7Guerd5aaxtpWal73X+H8iLAjo2c+AgRy2KYQcQ=="
    },
    "supabase-wechat-stable-v2": {
      "version": "2.2.0",
      "resolved": "https://registry.npmmirror.com/supabase-wechat-stable-v2/-/supabase-wechat-stable-v2-2.2.0.tgz",
      "integrity": "sha512-vxDoMD5D451xpvDiqUDOzny7R0zuqKzHJ7GJu6doFxhs6DrmPvv24asLTh/NnjREuGqtrlhYdvLpQFPjMGR0+w==",
      "requires": {
        "phoenix": "^1.6.16"
      }
    },
    "tdesign-miniprogram": {
      "version": "1.4.1",
      "resolved": "https://registry.npmmirror.com/tdesign-miniprogram/-/tdesign-miniprogram-1.4.1.tgz",
      "integrity": "sha512-i09HiSl9xZzaQ6zuIV79gpULyeadjSrslUp9XlAEJNcFoSD3MWY0ZVwDLhBXqfUhuyI2Lwy6ym8DwUU0lC8zzQ==",
      "requires": {
        "dayjs": "^1.10.7"
      }
    }
  }
}
